
Microsoft Visual Studio Solution File, Format Version 12.00
# Visual Studio Version 16
VisualStudioVersion = 16.0.31911.196
MinimumVisualStudioVersion = 10.0.40219.1
Project("{8BC9CEB8-8B4A-11D0-8D11-00A0C91BC942}") = "Pr1.1oop", "Pr1.1oop.vcxproj", "{F062603A-792A-4D6E-8D12-F9FC2F9815EC}"
EndProject
Project("{8BC9CEB8-8B4A-11D0-8D11-00A0C91BC942}") = "UnitTest1", "..\UnitTest1\UnitTest1.vcxproj", "{9DE8AA2B-13C3-4E80-AFED-124A755552A9}"
EndProject
Global
	GlobalSection(SolutionConfigurationPlatforms) = preSolution
		Debug|x64 = Debug|x64
		Debug|x86 = Debug|x86
		Release|x64 = Release|x64
		Release|x86 = Release|x86
	EndGlobalSection
	GlobalSection(ProjectConfigurationPlatforms) = postSolution
		{F062603A-792A-4D6E-8D12-F9FC2F9815EC}.Debug|x64.ActiveCfg = Debug|x64
		{F062603A-792A-4D6E-8D12-F9FC2F9815EC}.Debug|x64.Build.0 = Debug|x64
		{F062603A-792A-4D6E-8D12-F9FC2F9815EC}.Debug|x86.ActiveCfg = Debug|Win32
		{F062603A-792A-4D6E-8D12-F9FC2F9815EC}.Debug|x86.Build.0 = Debug|Win32
		{F062603A-792A-4D6E-8D12-F9FC2F9815EC}.Release|x64.ActiveCfg = Release|x64
		{F062603A-792A-4D6E-8D12-F9FC2F9815EC}.Release|x64.Build.0 = Release|x64
		{F062603A-792A-4D6E-8D12-F9FC2F9815EC}.Release|x86.ActiveCfg = Release|Win32
		{F062603A-792A-4D6E-8D12-F9FC2F9815EC}.Release|x86.Build.0 = Release|Win32
		{9DE8AA2B-13C3-4E80-AFED-124A755552A9}.Debug|x64.ActiveCfg = Debug|x64
		{9DE8AA2B-13C3-4E80-AFED-124A755552A9}.Debug|x64.Build.0 = Debug|x64
		{9DE8AA2B-13C3-4E80-AFED-124A755552A9}.Debug|x86.ActiveCfg = Debug|Win32
		{9DE8AA2B-13C3-4E80-AFED-124A755552A9}.Debug|x86.Build.0 = Debug|Win32
		{9DE8AA2B-13C3-4E80-AFED-124A755552A9}.Release|x64.ActiveCfg = Release|x64
		{9DE8AA2B-13C3-4E80-AFED-124A755552A9}.Release|x64.Build.0 = Release|x64
		{9DE8AA2B-13C3-4E80-AFED-124A755552A9}.Release|x86.ActiveCfg = Release|Win32
		{9DE8AA2B-13C3-4E80-AFED-124A755552A9}.Release|x86.Build.0 = Release|Win32
	EndGlobalSection
	GlobalSection(SolutionProperties) = preSolution
		HideSolutionNode = FALSE
	EndGlobalSection
	GlobalSection(ExtensibilityGlobals) = postSolution
		SolutionGuid = {7D7075A5-CF1C-44E6-8235-424F2748132A}
	EndGlobalSection
EndGlobal
